// !$*UTF8*$!
{
	archiveVersion = 1;
	classes = {
	};
	objectVersion = 46;
	objects = {

/* Begin PBXBuildFile section */
		A11BEF531BD161C7002B6D89 /* AppDelegate.swift in Sources */ = {isa = PBXBuildFile; fileRef = A11BEF521BD161C7002B6D89 /* AppDelegate.swift */; };
		A11BEF551BD161C7002B6D89 /* ViewController.swift in Sources */ = {isa = PBXBuildFile; fileRef = A11BEF541BD161C7002B6D89 /* ViewController.swift */; };
		A11BEF581BD161C7002B6D89 /* Main.storyboard in Resources */ = {isa = PBXBuildFile; fileRef = A11BEF561BD161C7002B6D89 /* Main.storyboard */; };
		A11BEF5A1BD161C7002B6D89 /* Assets.xcassets in Resources */ = {isa = PBXBuildFile; fileRef = A11BEF591BD161C7002B6D89 /* Assets.xcassets */; };
		A11BEF5D1BD161C7002B6D89 /* LaunchScreen.storyboard in Resources */ = {isa = PBXBuildFile; fileRef = A11BEF5B1BD161C7002B6D89 /* LaunchScreen.storyboard */; };
/* End PBXBuildFile section */

/* Begin PBXFileReference section */
		A11BEF4F1BD161C7002B6D89 /* AppWithNoStoryBoard.app */ = {isa = PBXFileReference; explicitFileType = wrapper.application; includeInIndex = 0; path = AppWithNoStoryBoard.app; sourceTree = BUILT_PRODUCTS_DIR; };
		A11BEF521BD161C7002B6D89 /* AppDelegate.swift */ = {isa = PBXFileReference; lastKnownFileType = sourcecode.swift; path = AppDelegate.swift; sourceTree = "<group>"; };
		A11BEF541BD161C7002B6D89 /* ViewController.swift */ = {isa = PBXFileReference; lastKnownFileType = sourcecode.swift; path = ViewController.swift; sourceTree = "<group>"; };
		A11BEF571BD161C7002B6D89 /* Base */ = {isa = PBXFileReference; lastKnownFileType = file.storyboard; name = Base; path = Base.lproj/Main.storyboard; sourceTree = "<group>"; };
		A11BEF591BD161C7002B6D89 /* Assets.xcassets */ = {isa = PBXFileReference; lastKnownFileType = folder.assetcatalog; path = Assets.xcassets; sourceTree = "<group>"; };
		A11BEF5C1BD161C7002B6D89 /* Base */ = {isa = PBXFileReference; lastKnownFileType = file.storyboard; name = Base; path = Base.lproj/LaunchScreen.storyboard; sourceTree = "<group>"; };
		A11BEF5E1BD161C7002B6D89 /* Info.plist */ = {isa = PBXFileReference; lastKnownFileType = text.plist.xml; path = Info.plist; sourceTree = "<group>"; };
/* End PBXFileReference section */

/* Begin PBXFrameworksBuildPhase section */
		A11BEF4C1BD161C7002B6D89 /* Frameworks */ = {
			isa = PBXFrameworksBuildPhase;
			buildActionMask = 2147483647;
			files = (
			);
			runOnlyForDeploymentPostprocessing = 0;
		};
/* End PBXFrameworksBuildPhase section */

/* Begin PBXGroup section */
		A11BEF461BD161C7002B6D89 = {
			isa = PBXGroup;
			children = (
				A11BEF511BD161C7002B6D89 /* AppWithNoStoryBoard */,
				A11BEF501BD161C7002B6D89 /* Products */,
			);
			sourceTree = "<group>";
		};
		A11BEF501BD161C7002B6D89 /* Products */ = {
			isa = PBXGroup;
			children = (
				A11BEF4F1BD161C7002B6D89 /* AppWithNoStoryBoard.app */,
			);
			name = Products;
			sourceTree = "<group>";
		};
		A11BEF511BD161C7002B6D89 /* AppWithNoStoryBoard */ = {
			isa = PBXGroup;
			children = (
				A11BEF521BD161C7002B6D89 /* AppDelegate.swift */,
				A11BEF541BD161C7002B6D89 /* ViewController.swift */,
				A11BEF561BD161C7002B6D89 /* Main.storyboard */,
				A11BEF591BD161C7002B6D89 /* Assets.xcassets */,
				A11BEF5B1BD161C7002B6D89 /* LaunchScreen.storyboard */,
				A11BEF5E1BD161C7002B6D89 /* Info.plist */,
			);
			path = AppWithNoStoryBoard;
			sourceTree = "<group>";
		};
/* End PBXGroup section */

/* Begin PBXNativeTarget section */
		A11BEF4E1BD161C7002B6D89 /* AppWithNoStoryBoard */ = {
			isa = PBXNativeTarget;
			buildConfigurationList = A11BEF611BD161C7002B6D89 /* Build configuration list for PBXNativeTarget "AppWithNoStoryBoard" */;
			buildPhases = (
				A11BEF4B1BD161C7002B6D89 /* Sources */,
				A11BEF4C1BD161C7002B6D89 /* Frameworks */,
				A11BEF4D1BD161C7002B6D89 /* Resources */,
			);
			buildRules = (
			);
			dependencies = (
			);
			name = AppWithNoStoryBoard;
			productName = AppWithNoStoryBoard;
			productReference = A11BEF4F1BD161C7002B6D89 /* AppWithNoStoryBoard.app */;
			productType = "com.apple.product-type.application";
		};
/* End PBXNativeTarget section */

/* Begin PBXProject section */
		A11BEF471BD161C7002B6D89 /* Project object */ = {
			isa = PBXProject;
			attributes = {
				LastUpgradeCheck = 0700;
				ORGANIZATIONNAME = "Vinay Shanbhag";
				TargetAttributes = {
					A11BEF4E1BD161C7002B6D89 = {
						CreatedOnToolsVersion = 7.0.1;
					};
				};
			};
			buildConfigurationList = A11BEF4A1BD161C7002B6D89 /* Build configuration list for PBXProject "AppWithNoStoryBoard" */;
			compatibilityVersion = "Xcode 3.2";
			developmentRegion = English;
			hasScannedForEncodings = 0;
			knownRegions = (
				en,
				Base,
			);
			mainGroup = A11BEF461BD161C7002B6D89;
			productRefGroup = A11BEF501BD161C7002B6D89 /* Products */;
			projectDirPath = "";
			projectRoot = "";
			targets = (
				A11BEF4E1BD161C7002B6D89 /* AppWithNoStoryBoard */,
			);
		};
/* End PBXProject section */

/* Begin PBXResourcesBuildPhase section */
		A11BEF4D1BD161C7002B6D89 /* Resources */ = {
			isa = PBXResourcesBuildPhase;
			buildActionMask = 2147483647;
			files = (
				A11BEF5D1BD161C7002B6D89 /* LaunchScreen.storyboard in Resources */,
				A11BEF5A1BD161C7002B6D89 /* Assets.xcassets in Resources */,
				A11BEF581BD161C7002B6D89 /* Main.storyboard in Resources */,
			);
			runOnlyForDeploymentPostprocessing = 0;
		};
/* End PBXResourcesBuildPhase section */

/* Begin PBXSourcesBuildPhase section */
		A11BEF4B1BD161C7002B6D89 /* Sources */ = {
			isa = PBXSourcesBuildPhase;
			buildActionMask = 2147483647;
			files = (
				A11BEF551BD161C7002B6D89 /* ViewController.swift in Sources */,
				A11BEF531BD161C7002B6D89 /* AppDelegate.swift in Sources */,
			);
			runOnlyForDeploymentPostprocessing = 0;
		};
/* End PBXSourcesBuildPhase section */

/* Begin PBXVariantGroup section */
		A11BEF561BD161C7002B6D89 /* Main.storyboard */ = {
			isa = PBXVariantGroup;
			children = (
				A11BEF571BD161C7002B6D89 /* Base */,
			);
			name = Main.storyboard;
			sourceTree = "<group>";
		};
		A11BEF5B1BD161C7002B6D89 /* LaunchScreen.storyboard */ = {
			isa = PBXVariantGroup;
			children = (
				A11BEF5C1BD161C7002B6D89 /* Base */,
			);
			name = LaunchScreen.storyboard;
			sourceTree = "<group>";
		};
/* End PBXVariantGroup section */

/* Begin XCBuildConfiguration section */
		A11BEF5F1BD161C7002B6D89 /* Debug */ = {
			isa = XCBuildConfiguration;
			buildSettings = {
				ALWAYS_SEARCH_USER_PATHS = NO;
				CLANG_CXX_LANGUAGE_STANDARD = "gnu++0x";
				CLANG_CXX_LIBRARY = "libc++";
				CLANG_ENABLE_MODULES = YES;
				CLANG_ENABLE_OBJC_ARC = YES;
				CLANG_WARN_BOOL_CONVERSION = YES;
				CLANG_WARN_CONSTANT_CONVERSION = YES;
				CLANG_WARN_DIRECT_OBJC_ISA_USAGE = YES_ERROR;
				CLANG_WARN_EMPTY_BODY = YES;
				CLANG_WARN_ENUM_CONVERSION = YES;
				CLANG_WARN_INT_CONVERSION = YES;
				CLANG_WARN_OBJC_ROOT_CLASS = YES_ERROR;
				CLANG_WARN_UNREACHABLE_CODE = YES;
				CLANG_WARN__DUPLICATE_METHOD_MATCH = YES;
				"CODE_SIGN_IDENTITY[sdk=iphoneos*]" = "iPhone Developer";
				COPY_PHASE_STRIP = NO;
				DEBUG_INFORMATION_FORMAT = dwarf;
				ENABLE_STRICT_OBJC_MSGSEND = YES;
				ENABLE_TESTABILITY = YES;
				GCC_C_LANGUAGE_STANDARD = gnu99;
				GCC_DYNAMIC_NO_PIC = NO;
				GCC_NO_COMMON_BLOCKS = YES;
				GCC_OPTIMIZATION_LEVEL = 0;
				GCC_PREPROCESSOR_DEFINITIONS = (
					"DEBUG=1",
					"$(inherited)",
				);
				GCC_WARN_64_TO_32_BIT_CONVERSION = YES;
				GCC_WARN_ABOUT_RETURN_TYPE = YES_ERROR;
				GCC_WARN_UNDECLARED_SELECTOR = YES;
				GCC_WARN_UNINITIALIZED_AUTOS = YES_AGGRESSIVE;
				GCC_WARN_UNUSED_FUNCTION = YES;
				GCC_WARN_UNUSED_VARIABLE = YES;
				IPHONEOS_DEPLOYMENT_TARGET = 9.0;
				MTL_ENABLE_DEBUG_INFO = YES;
				ONLY_ACTIVE_ARCH = YES;
				SDKROOT = iphoneos;
				SWIFT_OPTIMIZATION_LEVEL = "-Onone";
				TARGETED_DEVICE_FAMILY = "1,2";
			};
			name = Debug;
		};
		A11BEF601BD161C7002B6D89 /* Release */ = {
			isa = XCBuildConfiguration;
			buildSettings = {
				ALWAYS_SEARCH_USER_PATHS = NO;
				CLANG_CXX_LANGUAGE_STANDARD = "gnu++0x";
				CLANG_CXX_LIBRARY = "libc++";
				CLANG_ENABLE_MODULES = YES;
				CLANG_ENABLE_OBJC_ARC = YES;
				CLANG_WARN_BOOL_CONVERSION = YES;
				CLANG_WARN_CONSTANT_CONVERSION = YES;
				CLANG_WARN_DIRECT_OBJC_ISA_USAGE = YES_ERROR;
				CLANG_WARN_EMPTY_BODY = YES;
				CLANG_WARN_ENUM_CONVERSION = YES;
				CLANG_WARN_INT_CONVERSION = YES;
				CLANG_WARN_OBJC_ROOT_CLASS = YES_ERROR;
				CLANG_WARN_UNREACHABLE_CODE = YES;
				CLANG_WARN__DUPLICATE_METHOD_MATCH = YES;
				"CODE_SIGN_IDENTITY[sdk=iphoneos*]" = "iPhone Developer";
				COPY_PHASE_STRIP = NO;
				DEBUG_INFORMATION_FORMAT = "dwarf-with-dsym";
				ENABLE_NS_ASSERTIONS = NO;
				ENABLE_STRICT_OBJC_MSGSEND = YES;
				GCC_C_LANGUAGE_STANDARD = gnu99;
				GCC_NO_COMMON_BLOCKS = YES;
				GCC_WARN_64_TO_32_BIT_CONVERSION = YES;
				GCC_WARN_ABOUT_RETURN_TYPE = YES_ERROR;
				GCC_WARN_UNDECLARED_SELECTOR = YES;
				GCC_WARN_UNINITIALIZED_AUTOS = YES_AGGRESSIVE;
				GCC_WARN_UNUSED_FUNCTION = YES;
				GCC_WARN_UNUSED_VARIABLE = YES;
				IPHONEOS_DEPLOYMENT_TARGET = 9.0;
				MTL_ENABLE_DEBUG_INFO = NO;
				SDKROOT = iphoneos;
				TARGETED_DEVICE_FAMILY = "1,2";
				VALIDATE_PRODUCT = YES;
			};
			name = Release;
		};
		A11BEF621BD161C7002B6D89 /* Debug */ = {
			isa = XCBuildConfiguration;
			buildSettings = {
				ASSETCATALOG_COMPILER_APPICON_NAME = AppIcon;
				INFOPLIST_FILE = AppWithNoStoryBoard/Info.plist;
				LD_RUNPATH_SEARCH_PATHS = "$(inherited) @executable_path/Frameworks";
				PRODUCT_BUNDLE_IDENTIFIER = vinay.shanbhag.AppWithNoStoryBoard;
				PRODUCT_NAME = "$(TARGET_NAME)";
			};
			name = Debug;
		};
		A11BEF631BD161C7002B6D89 /* Release */ = {
			isa = XCBuildConfiguration;
			buildSettings = {
				ASSETCATALOG_COMPILER_APPICON_NAME = AppIcon;
				INFOPLIST_FILE = AppWithNoStoryBoard/Info.plist;
				LD_RUNPATH_SEARCH_PATHS = "$(inherited) @executable_path/Frameworks";
				PRODUCT_BUNDLE_IDENTIFIER = vinay.shanbhag.AppWithNoStoryBoard;
				PRODUCT_NAME = "$(TARGET_NAME)";
			};
			name = Release;
		};
/* End XCBuildConfiguration section */

/* Begin XCConfigurationList section */
		A11BEF4A1BD161C7002B6D89 /* Build configuration list for PBXProject "AppWithNoStoryBoard" */ = {
			isa = XCConfigurationList;
			buildConfigurations = (
				A11BEF5F1BD161C7002B6D89 /* Debug */,
				A11BEF601BD161C7002B6D89 /* Release */,
			);
			defaultConfigurationIsVisible = 0;
			defaultConfigurationName = Release;
		};
		A11BEF611BD161C7002B6D89 /* Build configuration list for PBXNativeTarget "AppWithNoStoryBoard" */ = {
			isa = XCConfigurationList;
			buildConfigurations = (
				A11BEF621BD161C7002B6D89 /* Debug */,
				A11BEF631BD161C7002B6D89 /* Release */,
			);
			defaultConfigurationIsVisible = 0;
		};
/* End XCConfigurationList section */
	};
	rootObject = A11BEF471BD161C7002B6D89 /* Project object */;
}
